
Microsoft Visual Studio Solution File, Format Version 12.00
# Visual Studio Version 17
VisualStudioVersion = 17.8.34330.188
MinimumVisualStudioVersion = 10.0.40219.1
Project("{FAE04EC0-301F-11D3-BF4B-00C04F79EFBC}") = "Matcha1", "Matcha1\Matcha1.csproj", "{4B383DE7-8201-4C02-8844-C95F49D7313C}"
EndProject
Global
	GlobalSection(SolutionConfigurationPlatforms) = preSolution
		Debug|Any CPU = Debug|Any CPU
		Release|Any CPU = Release|Any CPU
	EndGlobalSection
	GlobalSection(ProjectConfigurationPlatforms) = postSolution
		{4B383DE7-8201-4C02-8844-C95F49D7313C}.Debug|Any CPU.ActiveCfg = Debug|Any CPU
		{4B383DE7-8201-4C02-8844-C95F49D7313C}.Debug|Any CPU.Build.0 = Debug|Any CPU
		{4B383DE7-8201-4C02-8844-C95F49D7313C}.Release|Any CPU.ActiveCfg = Release|Any CPU
		{4B383DE7-8201-4C02-8844-C95F49D7313C}.Release|Any CPU.Build.0 = Release|Any CPU
	EndGlobalSection
	GlobalSection(SolutionProperties) = preSolution
		HideSolutionNode = FALSE
	EndGlobalSection
	GlobalSection(ExtensibilityGlobals) = postSolution
		SolutionGuid = {73025779-BCAC-4BBF-BC1C-AFC802582F5C}
	EndGlobalSection
EndGlobal
